
Microsoft Visual Studio Solution File, Format Version 12.00
# Visual Studio Version 17
VisualStudioVersion = 17.9.34728.123
MinimumVisualStudioVersion = 10.0.40219.1
Project("{9A19103F-16F7-4668-BE54-9A1E7A4F7556}") = "BulkyWeb", "BulkyWeb\BulkyWeb.csproj", "{384F9B05-1089-4883-82C9-6C1B8DA45886}"
EndProject
Project("{FAE04EC0-301F-11D3-BF4B-00C04F79EFBC}") = "Bulky.DataAccess", "Bulky.DataAccess\Bulky.DataAccess.csproj", "{2F242EB5-F338-4870-BCBC-CE184DFF2F3C}"
EndProject
Project("{FAE04EC0-301F-11D3-BF4B-00C04F79EFBC}") = "Bulky.Models", "Bulky.Models\Bulky.Models.csproj", "{485B1926-DEF6-4124-9AD0-BB5E92D8509F}"
EndProject
Project("{FAE04EC0-301F-11D3-BF4B-00C04F79EFBC}") = "Bulky.Utility", "Bulky.Utility\Bulky.Utility.csproj", "{18383A6A-DEAA-4EEE-9207-F5AE1F6F9822}"
EndProject
Global
	GlobalSection(SolutionConfigurationPlatforms) = preSolution
		Debug|Any CPU = Debug|Any CPU
		Release|Any CPU = Release|Any CPU
	EndGlobalSection
	GlobalSection(ProjectConfigurationPlatforms) = postSolution
		{384F9B05-1089-4883-82C9-6C1B8DA45886}.Debug|Any CPU.ActiveCfg = Debug|Any CPU
		{384F9B05-1089-4883-82C9-6C1B8DA45886}.Debug|Any CPU.Build.0 = Debug|Any CPU
		{384F9B05-1089-4883-82C9-6C1B8DA45886}.Release|Any CPU.ActiveCfg = Release|Any CPU
		{384F9B05-1089-4883-82C9-6C1B8DA45886}.Release|Any CPU.Build.0 = Release|Any CPU
		{2F242EB5-F338-4870-BCBC-CE184DFF2F3C}.Debug|Any CPU.ActiveCfg = Debug|Any CPU
		{2F242EB5-F338-4870-BCBC-CE184DFF2F3C}.Debug|Any CPU.Build.0 = Debug|Any CPU
		{2F242EB5-F338-4870-BCBC-CE184DFF2F3C}.Release|Any CPU.ActiveCfg = Release|Any CPU
		{2F242EB5-F338-4870-BCBC-CE184DFF2F3C}.Release|Any CPU.Build.0 = Release|Any CPU
		{485B1926-DEF6-4124-9AD0-BB5E92D8509F}.Debug|Any CPU.ActiveCfg = Debug|Any CPU
		{485B1926-DEF6-4124-9AD0-BB5E92D8509F}.Debug|Any CPU.Build.0 = Debug|Any CPU
		{485B1926-DEF6-4124-9AD0-BB5E92D8509F}.Release|Any CPU.ActiveCfg = Release|Any CPU
		{485B1926-DEF6-4124-9AD0-BB5E92D8509F}.Release|Any CPU.Build.0 = Release|Any CPU
		{18383A6A-DEAA-4EEE-9207-F5AE1F6F9822}.Debug|Any CPU.ActiveCfg = Debug|Any CPU
		{18383A6A-DEAA-4EEE-9207-F5AE1F6F9822}.Debug|Any CPU.Build.0 = Debug|Any CPU
		{18383A6A-DEAA-4EEE-9207-F5AE1F6F9822}.Release|Any CPU.ActiveCfg = Release|Any CPU
		{18383A6A-DEAA-4EEE-9207-F5AE1F6F9822}.Release|Any CPU.Build.0 = Release|Any CPU
	EndGlobalSection
	GlobalSection(SolutionProperties) = preSolution
		HideSolutionNode = FALSE
	EndGlobalSection
	GlobalSection(ExtensibilityGlobals) = postSolution
		SolutionGuid = {D1473C2A-292A-47A6-B44F-EDA14D4057D7}
	EndGlobalSection
EndGlobal
